
Microsoft Visual Studio Solution File, Format Version 12.00
# Visual Studio 15
VisualStudioVersion = 15.0.27428.2002
MinimumVisualStudioVersion = 10.0.40219.1
Project("{E53339B2-1760-4266-BCC7-CA923CBCF16C}") = "docker-compose", "docker-compose.dcproj", "{860921B1-A1CA-44B1-A9EA-0668844EA45C}"
EndProject
Project("{9A19103F-16F7-4668-BE54-9A1E7A4F7556}") = "NumberWord.Api", "NumberWord.Api\NumberWord.Api.csproj", "{9063E4CC-6935-492E-B72D-497725277AE5}"
EndProject
Project("{9A19103F-16F7-4668-BE54-9A1E7A4F7556}") = "NumberWord.Core", "NumberWord.Core\NumberWord.Core.csproj", "{B5EAF07E-0BC6-4D50-A952-53D0F2BDB3FB}"
EndProject
Project("{9A19103F-16F7-4668-BE54-9A1E7A4F7556}") = "NumberWord.Test", "NumberWord.Test\NumberWord.Test.csproj", "{EAA0023D-C197-4298-B05D-AB2C1630C1D3}"
EndProject
Global
	GlobalSection(SolutionConfigurationPlatforms) = preSolution
		Debug|Any CPU = Debug|Any CPU
		Release|Any CPU = Release|Any CPU
	EndGlobalSection
	GlobalSection(ProjectConfigurationPlatforms) = postSolution
		{860921B1-A1CA-44B1-A9EA-0668844EA45C}.Debug|Any CPU.ActiveCfg = Debug|Any CPU
		{860921B1-A1CA-44B1-A9EA-0668844EA45C}.Debug|Any CPU.Build.0 = Debug|Any CPU
		{860921B1-A1CA-44B1-A9EA-0668844EA45C}.Release|Any CPU.ActiveCfg = Release|Any CPU
		{860921B1-A1CA-44B1-A9EA-0668844EA45C}.Release|Any CPU.Build.0 = Release|Any CPU
		{9063E4CC-6935-492E-B72D-497725277AE5}.Debug|Any CPU.ActiveCfg = Debug|Any CPU
		{9063E4CC-6935-492E-B72D-497725277AE5}.Debug|Any CPU.Build.0 = Debug|Any CPU
		{9063E4CC-6935-492E-B72D-497725277AE5}.Release|Any CPU.ActiveCfg = Release|Any CPU
		{9063E4CC-6935-492E-B72D-497725277AE5}.Release|Any CPU.Build.0 = Release|Any CPU
		{B5EAF07E-0BC6-4D50-A952-53D0F2BDB3FB}.Debug|Any CPU.ActiveCfg = Debug|Any CPU
		{B5EAF07E-0BC6-4D50-A952-53D0F2BDB3FB}.Debug|Any CPU.Build.0 = Debug|Any CPU
		{B5EAF07E-0BC6-4D50-A952-53D0F2BDB3FB}.Release|Any CPU.ActiveCfg = Release|Any CPU
		{B5EAF07E-0BC6-4D50-A952-53D0F2BDB3FB}.Release|Any CPU.Build.0 = Release|Any CPU
		{EAA0023D-C197-4298-B05D-AB2C1630C1D3}.Debug|Any CPU.ActiveCfg = Debug|Any CPU
		{EAA0023D-C197-4298-B05D-AB2C1630C1D3}.Debug|Any CPU.Build.0 = Debug|Any CPU
		{EAA0023D-C197-4298-B05D-AB2C1630C1D3}.Release|Any CPU.ActiveCfg = Release|Any CPU
		{EAA0023D-C197-4298-B05D-AB2C1630C1D3}.Release|Any CPU.Build.0 = Release|Any CPU
	EndGlobalSection
	GlobalSection(SolutionProperties) = preSolution
		HideSolutionNode = FALSE
	EndGlobalSection
	GlobalSection(ExtensibilityGlobals) = postSolution
		SolutionGuid = {7BADA7AB-0C12-4F39-BCC3-E5B9853D495A}
	EndGlobalSection
EndGlobal
