
Microsoft Visual Studio Solution File, Format Version 12.00
# Visual Studio 15
VisualStudioVersion = 15.0.27428.2002
MinimumVisualStudioVersion = 10.0.40219.1
Project("{9A19103F-16F7-4668-BE54-9A1E7A4F7556}") = "NumberWord.Api", "NumberWord.Api\NumberWord.Api.csproj", "{9C976731-1271-4D91-9B49-DB52C2AC578C}"
EndProject
Project("{E53339B2-1760-4266-BCC7-CA923CBCF16C}") = "docker-compose", "docker-compose.dcproj", "{6C76B531-3C74-4056-98C7-71A710ED9B75}"
EndProject
Project("{9A19103F-16F7-4668-BE54-9A1E7A4F7556}") = "NumberWord.Core", "NumberWord.Core\NumberWord.Core.csproj", "{6A3CB5E4-D717-4E15-884C-CB30BAFC0332}"
EndProject
Project("{9A19103F-16F7-4668-BE54-9A1E7A4F7556}") = "NumberWord.Test", "NumberWord.Test\NumberWord.Test.csproj", "{7D82E5EC-0035-4C18-A436-64506A08D637}"
EndProject
Global
	GlobalSection(SolutionConfigurationPlatforms) = preSolution
		Debug|Any CPU = Debug|Any CPU
		Release|Any CPU = Release|Any CPU
	EndGlobalSection
	GlobalSection(ProjectConfigurationPlatforms) = postSolution
		{9C976731-1271-4D91-9B49-DB52C2AC578C}.Debug|Any CPU.ActiveCfg = Debug|Any CPU
		{9C976731-1271-4D91-9B49-DB52C2AC578C}.Debug|Any CPU.Build.0 = Debug|Any CPU
		{9C976731-1271-4D91-9B49-DB52C2AC578C}.Release|Any CPU.ActiveCfg = Release|Any CPU
		{9C976731-1271-4D91-9B49-DB52C2AC578C}.Release|Any CPU.Build.0 = Release|Any CPU
		{6C76B531-3C74-4056-98C7-71A710ED9B75}.Debug|Any CPU.ActiveCfg = Debug|Any CPU
		{6C76B531-3C74-4056-98C7-71A710ED9B75}.Debug|Any CPU.Build.0 = Debug|Any CPU
		{6C76B531-3C74-4056-98C7-71A710ED9B75}.Release|Any CPU.ActiveCfg = Release|Any CPU
		{6C76B531-3C74-4056-98C7-71A710ED9B75}.Release|Any CPU.Build.0 = Release|Any CPU
		{6A3CB5E4-D717-4E15-884C-CB30BAFC0332}.Debug|Any CPU.ActiveCfg = Debug|Any CPU
		{6A3CB5E4-D717-4E15-884C-CB30BAFC0332}.Debug|Any CPU.Build.0 = Debug|Any CPU
		{6A3CB5E4-D717-4E15-884C-CB30BAFC0332}.Release|Any CPU.ActiveCfg = Release|Any CPU
		{6A3CB5E4-D717-4E15-884C-CB30BAFC0332}.Release|Any CPU.Build.0 = Release|Any CPU
		{7D82E5EC-0035-4C18-A436-64506A08D637}.Debug|Any CPU.ActiveCfg = Debug|Any CPU
		{7D82E5EC-0035-4C18-A436-64506A08D637}.Debug|Any CPU.Build.0 = Debug|Any CPU
		{7D82E5EC-0035-4C18-A436-64506A08D637}.Release|Any CPU.ActiveCfg = Release|Any CPU
		{7D82E5EC-0035-4C18-A436-64506A08D637}.Release|Any CPU.Build.0 = Release|Any CPU
	EndGlobalSection
	GlobalSection(SolutionProperties) = preSolution
		HideSolutionNode = FALSE
	EndGlobalSection
	GlobalSection(ExtensibilityGlobals) = postSolution
		SolutionGuid = {C529F380-F57E-447F-9AE2-2D75ADD819BC}
	EndGlobalSection
EndGlobal
